
Microsoft Visual Studio Solution File, Format Version 12.00
# Visual Studio Version 17
VisualStudioVersion = 17.11.35327.3
MinimumVisualStudioVersion = 10.0.40219.1
Project("{9A19103F-16F7-4668-BE54-9A1E7A4F7556}") = "KampIntro", "KampIntro\KampIntro.csproj", "{AF121003-F4B0-49FB-A98A-89D478B061DC}"
EndProject
Project("{9A19103F-16F7-4668-BE54-9A1E7A4F7556}") = "Donguler", "Donguler\Donguler.csproj", "{BA0389CD-4CCE-44FD-87A2-CC27E852EFA3}"
EndProject
Project("{9A19103F-16F7-4668-BE54-9A1E7A4F7556}") = "ClassIntro", "ClassIntro\ClassIntro.csproj", "{D3F90753-D14B-49F1-A373-F149CF2FAC44}"
EndProject
Project("{9A19103F-16F7-4668-BE54-9A1E7A4F7556}") = "Metotlar", "Metotlar\Metotlar.csproj", "{5BE38CA3-A60A-4FC9-9C12-264A4F31D331}"
EndProject
Project("{9A19103F-16F7-4668-BE54-9A1E7A4F7556}") = "Matematik", "Matematik\Matematik.csproj", "{2081BAEA-BB96-4B1D-85F3-67CAA521CC46}"
EndProject
Project("{9A19103F-16F7-4668-BE54-9A1E7A4F7556}") = "DegerVeReferansTipler", "DegerVeReferansTipler\DegerVeReferansTipler.csproj", "{F4C6C080-D902-47CE-8478-FC883F0A3AB0}"
EndProject
Project("{9A19103F-16F7-4668-BE54-9A1E7A4F7556}") = "OOP1", "OOP1\OOP1.csproj", "{5E850614-55C0-432B-9DD8-133080B7B055}"
EndProject
Project("{9A19103F-16F7-4668-BE54-9A1E7A4F7556}") = "Koleksiyonlar", "Koleksiyonlar\Koleksiyonlar.csproj", "{B114EF71-B140-42A8-83BE-7E519439C899}"
EndProject
Project("{9A19103F-16F7-4668-BE54-9A1E7A4F7556}") = "OOP3", "OOP3\OOP3.csproj", "{A3D90F6B-9CE8-4C2B-969F-214C483256B6}"
EndProject
Project("{FAE04EC0-301F-11D3-BF4B-00C04F79EFBC}") = "GenericsIntro", "GenericsIntro\GenericsIntro.csproj", "{83CBDFD4-053B-4D77-9BA1-54B0A7DF86B7}"
EndProject
Project("{FAE04EC0-301F-11D3-BF4B-00C04F79EFBC}") = "OOP2", "OOP2\OOP2.csproj", "{EB24D705-213A-41FA-963A-52D6379E4134}"
EndProject
Global
	GlobalSection(SolutionConfigurationPlatforms) = preSolution
		Debug|Any CPU = Debug|Any CPU
		Release|Any CPU = Release|Any CPU
	EndGlobalSection
	GlobalSection(ProjectConfigurationPlatforms) = postSolution
		{AF121003-F4B0-49FB-A98A-89D478B061DC}.Debug|Any CPU.ActiveCfg = Debug|Any CPU
		{AF121003-F4B0-49FB-A98A-89D478B061DC}.Debug|Any CPU.Build.0 = Debug|Any CPU
		{AF121003-F4B0-49FB-A98A-89D478B061DC}.Release|Any CPU.ActiveCfg = Release|Any CPU
		{AF121003-F4B0-49FB-A98A-89D478B061DC}.Release|Any CPU.Build.0 = Release|Any CPU
		{BA0389CD-4CCE-44FD-87A2-CC27E852EFA3}.Debug|Any CPU.ActiveCfg = Debug|Any CPU
		{BA0389CD-4CCE-44FD-87A2-CC27E852EFA3}.Debug|Any CPU.Build.0 = Debug|Any CPU
		{BA0389CD-4CCE-44FD-87A2-CC27E852EFA3}.Release|Any CPU.ActiveCfg = Release|Any CPU
		{BA0389CD-4CCE-44FD-87A2-CC27E852EFA3}.Release|Any CPU.Build.0 = Release|Any CPU
		{D3F90753-D14B-49F1-A373-F149CF2FAC44}.Debug|Any CPU.ActiveCfg = Debug|Any CPU
		{D3F90753-D14B-49F1-A373-F149CF2FAC44}.Debug|Any CPU.Build.0 = Debug|Any CPU
		{D3F90753-D14B-49F1-A373-F149CF2FAC44}.Release|Any CPU.ActiveCfg = Release|Any CPU
		{D3F90753-D14B-49F1-A373-F149CF2FAC44}.Release|Any CPU.Build.0 = Release|Any CPU
		{5BE38CA3-A60A-4FC9-9C12-264A4F31D331}.Debug|Any CPU.ActiveCfg = Debug|Any CPU
		{5BE38CA3-A60A-4FC9-9C12-264A4F31D331}.Debug|Any CPU.Build.0 = Debug|Any CPU
		{5BE38CA3-A60A-4FC9-9C12-264A4F31D331}.Release|Any CPU.ActiveCfg = Release|Any CPU
		{5BE38CA3-A60A-4FC9-9C12-264A4F31D331}.Release|Any CPU.Build.0 = Release|Any CPU
		{2081BAEA-BB96-4B1D-85F3-67CAA521CC46}.Debug|Any CPU.ActiveCfg = Debug|Any CPU
		{2081BAEA-BB96-4B1D-85F3-67CAA521CC46}.Debug|Any CPU.Build.0 = Debug|Any CPU
		{2081BAEA-BB96-4B1D-85F3-67CAA521CC46}.Release|Any CPU.ActiveCfg = Release|Any CPU
		{2081BAEA-BB96-4B1D-85F3-67CAA521CC46}.Release|Any CPU.Build.0 = Release|Any CPU
		{F4C6C080-D902-47CE-8478-FC883F0A3AB0}.Debug|Any CPU.ActiveCfg = Debug|Any CPU
		{F4C6C080-D902-47CE-8478-FC883F0A3AB0}.Debug|Any CPU.Build.0 = Debug|Any CPU
		{F4C6C080-D902-47CE-8478-FC883F0A3AB0}.Release|Any CPU.ActiveCfg = Release|Any CPU
		{F4C6C080-D902-47CE-8478-FC883F0A3AB0}.Release|Any CPU.Build.0 = Release|Any CPU
		{5E850614-55C0-432B-9DD8-133080B7B055}.Debug|Any CPU.ActiveCfg = Debug|Any CPU
		{5E850614-55C0-432B-9DD8-133080B7B055}.Debug|Any CPU.Build.0 = Debug|Any CPU
		{5E850614-55C0-432B-9DD8-133080B7B055}.Release|Any CPU.ActiveCfg = Release|Any CPU
		{5E850614-55C0-432B-9DD8-133080B7B055}.Release|Any CPU.Build.0 = Release|Any CPU
		{B114EF71-B140-42A8-83BE-7E519439C899}.Debug|Any CPU.ActiveCfg = Debug|Any CPU
		{B114EF71-B140-42A8-83BE-7E519439C899}.Debug|Any CPU.Build.0 = Debug|Any CPU
		{B114EF71-B140-42A8-83BE-7E519439C899}.Release|Any CPU.ActiveCfg = Release|Any CPU
		{B114EF71-B140-42A8-83BE-7E519439C899}.Release|Any CPU.Build.0 = Release|Any CPU
		{A3D90F6B-9CE8-4C2B-969F-214C483256B6}.Debug|Any CPU.ActiveCfg = Debug|Any CPU
		{A3D90F6B-9CE8-4C2B-969F-214C483256B6}.Debug|Any CPU.Build.0 = Debug|Any CPU
		{A3D90F6B-9CE8-4C2B-969F-214C483256B6}.Release|Any CPU.ActiveCfg = Release|Any CPU
		{A3D90F6B-9CE8-4C2B-969F-214C483256B6}.Release|Any CPU.Build.0 = Release|Any CPU
		{83CBDFD4-053B-4D77-9BA1-54B0A7DF86B7}.Debug|Any CPU.ActiveCfg = Debug|Any CPU
		{83CBDFD4-053B-4D77-9BA1-54B0A7DF86B7}.Debug|Any CPU.Build.0 = Debug|Any CPU
		{83CBDFD4-053B-4D77-9BA1-54B0A7DF86B7}.Release|Any CPU.ActiveCfg = Release|Any CPU
		{83CBDFD4-053B-4D77-9BA1-54B0A7DF86B7}.Release|Any CPU.Build.0 = Release|Any CPU
		{EB24D705-213A-41FA-963A-52D6379E4134}.Debug|Any CPU.ActiveCfg = Debug|Any CPU
		{EB24D705-213A-41FA-963A-52D6379E4134}.Debug|Any CPU.Build.0 = Debug|Any CPU
		{EB24D705-213A-41FA-963A-52D6379E4134}.Release|Any CPU.ActiveCfg = Release|Any CPU
		{EB24D705-213A-41FA-963A-52D6379E4134}.Release|Any CPU.Build.0 = Release|Any CPU
	EndGlobalSection
	GlobalSection(SolutionProperties) = preSolution
		HideSolutionNode = FALSE
	EndGlobalSection
	GlobalSection(ExtensibilityGlobals) = postSolution
		SolutionGuid = {3D6E05E1-2A25-434A-9067-C6DAA475EC97}
	EndGlobalSection
EndGlobal
