
Microsoft Visual Studio Solution File, Format Version 12.00
# Visual Studio Version 17
VisualStudioVersion = 17.11.35327.3
MinimumVisualStudioVersion = 10.0.40219.1
Project("{9A19103F-16F7-4668-BE54-9A1E7A4F7556}") = "KampIntro", "KampIntro\KampIntro.csproj", "{AF121003-F4B0-49FB-A98A-89D478B061DC}"
EndProject
Project("{9A19103F-16F7-4668-BE54-9A1E7A4F7556}") = "Donguler", "Donguler\Donguler.csproj", "{BA0389CD-4CCE-44FD-87A2-CC27E852EFA3}"
EndProject
Project("{9A19103F-16F7-4668-BE54-9A1E7A4F7556}") = "ClassIntro", "ClassIntro\ClassIntro.csproj", "{D3F90753-D14B-49F1-A373-F149CF2FAC44}"
EndProject
Project("{9A19103F-16F7-4668-BE54-9A1E7A4F7556}") = "Metotlar", "Metotlar\Metotlar.csproj", "{5BE38CA3-A60A-4FC9-9C12-264A4F31D331}"
EndProject
Project("{FAE04EC0-301F-11D3-BF4B-00C04F79EFBC}") = "Matematik", "Matematik\Matematik.csproj", "{2081BAEA-BB96-4B1D-85F3-67CAA521CC46}"
EndProject
Project("{FAE04EC0-301F-11D3-BF4B-00C04F79EFBC}") = "DegerVeReferansTipler", "DegerVeReferansTipler\DegerVeReferansTipler.csproj", "{F4C6C080-D902-47CE-8478-FC883F0A3AB0}"
EndProject
Global
	GlobalSection(SolutionConfigurationPlatforms) = preSolution
		Debug|Any CPU = Debug|Any CPU
		Release|Any CPU = Release|Any CPU
	EndGlobalSection
	GlobalSection(ProjectConfigurationPlatforms) = postSolution
		{AF121003-F4B0-49FB-A98A-89D478B061DC}.Debug|Any CPU.ActiveCfg = Debug|Any CPU
		{AF121003-F4B0-49FB-A98A-89D478B061DC}.Debug|Any CPU.Build.0 = Debug|Any CPU
		{AF121003-F4B0-49FB-A98A-89D478B061DC}.Release|Any CPU.ActiveCfg = Release|Any CPU
		{AF121003-F4B0-49FB-A98A-89D478B061DC}.Release|Any CPU.Build.0 = Release|Any CPU
		{BA0389CD-4CCE-44FD-87A2-CC27E852EFA3}.Debug|Any CPU.ActiveCfg = Debug|Any CPU
		{BA0389CD-4CCE-44FD-87A2-CC27E852EFA3}.Debug|Any CPU.Build.0 = Debug|Any CPU
		{BA0389CD-4CCE-44FD-87A2-CC27E852EFA3}.Release|Any CPU.ActiveCfg = Release|Any CPU
		{BA0389CD-4CCE-44FD-87A2-CC27E852EFA3}.Release|Any CPU.Build.0 = Release|Any CPU
		{D3F90753-D14B-49F1-A373-F149CF2FAC44}.Debug|Any CPU.ActiveCfg = Debug|Any CPU
		{D3F90753-D14B-49F1-A373-F149CF2FAC44}.Debug|Any CPU.Build.0 = Debug|Any CPU
		{D3F90753-D14B-49F1-A373-F149CF2FAC44}.Release|Any CPU.ActiveCfg = Release|Any CPU
		{D3F90753-D14B-49F1-A373-F149CF2FAC44}.Release|Any CPU.Build.0 = Release|Any CPU
		{5BE38CA3-A60A-4FC9-9C12-264A4F31D331}.Debug|Any CPU.ActiveCfg = Debug|Any CPU
		{5BE38CA3-A60A-4FC9-9C12-264A4F31D331}.Debug|Any CPU.Build.0 = Debug|Any CPU
		{5BE38CA3-A60A-4FC9-9C12-264A4F31D331}.Release|Any CPU.ActiveCfg = Release|Any CPU
		{5BE38CA3-A60A-4FC9-9C12-264A4F31D331}.Release|Any CPU.Build.0 = Release|Any CPU
		{2081BAEA-BB96-4B1D-85F3-67CAA521CC46}.Debug|Any CPU.ActiveCfg = Debug|Any CPU
		{2081BAEA-BB96-4B1D-85F3-67CAA521CC46}.Debug|Any CPU.Build.0 = Debug|Any CPU
		{2081BAEA-BB96-4B1D-85F3-67CAA521CC46}.Release|Any CPU.ActiveCfg = Release|Any CPU
		{2081BAEA-BB96-4B1D-85F3-67CAA521CC46}.Release|Any CPU.Build.0 = Release|Any CPU
		{F4C6C080-D902-47CE-8478-FC883F0A3AB0}.Debug|Any CPU.ActiveCfg = Debug|Any CPU
		{F4C6C080-D902-47CE-8478-FC883F0A3AB0}.Debug|Any CPU.Build.0 = Debug|Any CPU
		{F4C6C080-D902-47CE-8478-FC883F0A3AB0}.Release|Any CPU.ActiveCfg = Release|Any CPU
		{F4C6C080-D902-47CE-8478-FC883F0A3AB0}.Release|Any CPU.Build.0 = Release|Any CPU
	EndGlobalSection
	GlobalSection(SolutionProperties) = preSolution
		HideSolutionNode = FALSE
	EndGlobalSection
	GlobalSection(ExtensibilityGlobals) = postSolution
		SolutionGuid = {3D6E05E1-2A25-434A-9067-C6DAA475EC97}
	EndGlobalSection
EndGlobal
